
Microsoft Visual Studio Solution File, Format Version 12.00
# Visual Studio Version 17
VisualStudioVersion = 17.4.33110.190
MinimumVisualStudioVersion = 10.0.40219.1
Project("{FAE04EC0-301F-11D3-BF4B-00C04F79EFBC}") = "EvenOddProgram", "EvenOddProgram.csproj", "{8D7C2AB5-3244-499E-BBD4-25B59169331A}"
EndProject
Global
	GlobalSection(SolutionConfigurationPlatforms) = preSolution
		Debug|Any CPU = Debug|Any CPU
		Release|Any CPU = Release|Any CPU
	EndGlobalSection
	GlobalSection(ProjectConfigurationPlatforms) = postSolution
		{8D7C2AB5-3244-499E-BBD4-25B59169331A}.Debug|Any CPU.ActiveCfg = Debug|Any CPU
		{8D7C2AB5-3244-499E-BBD4-25B59169331A}.Debug|Any CPU.Build.0 = Debug|Any CPU
		{8D7C2AB5-3244-499E-BBD4-25B59169331A}.Release|Any CPU.ActiveCfg = Release|Any CPU
		{8D7C2AB5-3244-499E-BBD4-25B59169331A}.Release|Any CPU.Build.0 = Release|Any CPU
	EndGlobalSection
	GlobalSection(SolutionProperties) = preSolution
		HideSolutionNode = FALSE
	EndGlobalSection
	GlobalSection(ExtensibilityGlobals) = postSolution
		SolutionGuid = {0AD9AFA5-164C-4D34-927D-0CB6FBC5F8B9}
	EndGlobalSection
EndGlobal
