
Microsoft Visual Studio Solution File, Format Version 12.00
# Visual Studio Version 17
VisualStudioVersion = 17.4.33110.190
MinimumVisualStudioVersion = 10.0.40219.1
Project("{FAE04EC0-301F-11D3-BF4B-00C04F79EFBC}") = "PowerOfTwo", "PowerOfTwo.csproj", "{4E38BA14-B7C8-46CE-9622-54D73534E5BE}"
EndProject
Global
	GlobalSection(SolutionConfigurationPlatforms) = preSolution
		Debug|Any CPU = Debug|Any CPU
		Release|Any CPU = Release|Any CPU
	EndGlobalSection
	GlobalSection(ProjectConfigurationPlatforms) = postSolution
		{4E38BA14-B7C8-46CE-9622-54D73534E5BE}.Debug|Any CPU.ActiveCfg = Debug|Any CPU
		{4E38BA14-B7C8-46CE-9622-54D73534E5BE}.Debug|Any CPU.Build.0 = Debug|Any CPU
		{4E38BA14-B7C8-46CE-9622-54D73534E5BE}.Release|Any CPU.ActiveCfg = Release|Any CPU
		{4E38BA14-B7C8-46CE-9622-54D73534E5BE}.Release|Any CPU.Build.0 = Release|Any CPU
	EndGlobalSection
	GlobalSection(SolutionProperties) = preSolution
		HideSolutionNode = FALSE
	EndGlobalSection
	GlobalSection(ExtensibilityGlobals) = postSolution
		SolutionGuid = {AE97A378-E798-4E10-97D7-09160C4AEF45}
	EndGlobalSection
EndGlobal
