
Microsoft Visual Studio Solution File, Format Version 12.00
# Visual Studio Version 17
VisualStudioVersion = 17.4.33110.190
MinimumVisualStudioVersion = 10.0.40219.1
Project("{FAE04EC0-301F-11D3-BF4B-00C04F79EFBC}") = "VowelConsonantPrograming", "VowelConsonantPrograming.csproj", "{D6B3A1A7-00B4-4A60-AA8A-6B8F9689CBA6}"
EndProject
Global
	GlobalSection(SolutionConfigurationPlatforms) = preSolution
		Debug|Any CPU = Debug|Any CPU
		Release|Any CPU = Release|Any CPU
	EndGlobalSection
	GlobalSection(ProjectConfigurationPlatforms) = postSolution
		{D6B3A1A7-00B4-4A60-AA8A-6B8F9689CBA6}.Debug|Any CPU.ActiveCfg = Debug|Any CPU
		{D6B3A1A7-00B4-4A60-AA8A-6B8F9689CBA6}.Debug|Any CPU.Build.0 = Debug|Any CPU
		{D6B3A1A7-00B4-4A60-AA8A-6B8F9689CBA6}.Release|Any CPU.ActiveCfg = Release|Any CPU
		{D6B3A1A7-00B4-4A60-AA8A-6B8F9689CBA6}.Release|Any CPU.Build.0 = Release|Any CPU
	EndGlobalSection
	GlobalSection(SolutionProperties) = preSolution
		HideSolutionNode = FALSE
	EndGlobalSection
	GlobalSection(ExtensibilityGlobals) = postSolution
		SolutionGuid = {D67CF10B-D9A1-4BB3-844D-91D6D25B87A1}
	EndGlobalSection
EndGlobal
